// !$*UTF8*$!
{
	archiveVersion = 1;
	classes = {
	};
	objectVersion = 70;
	objects = {

/* Begin PBXBuildFile section */
		B218FEDD2C9BC7E70023823F /* WhatsNewKit in Frameworks */ = {isa = PBXBuildFile; productRef = B218FEDC2C9BC7E70023823F /* WhatsNewKit */; };
		B221A3352C96B17200347D4C /* WidgetKit.framework in Frameworks */ = {isa = PBXBuildFile; fileRef = B28AE76B2C33DD3A00435B69 /* WidgetKit.framework */; };
		B221A3362C96B17200347D4C /* SwiftUI.framework in Frameworks */ = {isa = PBXBuildFile; fileRef = B28AE76D2C33DD3A00435B69 /* SwiftUI.framework */; };
		B221A3472C96B17400347D4C /* CashFlowWidgetExtension.appex in Embed Foundation Extensions */ = {isa = PBXBuildFile; fileRef = B221A3342C96B17200347D4C /* CashFlowWidgetExtension.appex */; settings = {ATTRIBUTES = (RemoveHeadersOnCopy, ); }; };
		B256DFC62C79BDDC00A3DD00 /* AlertKit in Frameworks */ = {isa = PBXBuildFile; productRef = B256DFC52C79BDDC00A3DD00 /* AlertKit */; };
		B256DFCC2C79C40B00A3DD00 /* ColorfulX in Frameworks */ = {isa = PBXBuildFile; productRef = B256DFCB2C79C40B00A3DD00 /* ColorfulX */; };
		B27657522C79BA9800371233 /* AlertToast in Frameworks */ = {isa = PBXBuildFile; productRef = B27657512C79BA9800371233 /* AlertToast */; };
		B28D36E92C6742DA00C16CE5 /* SwiftUICharts in Frameworks */ = {isa = PBXBuildFile; productRef = B28D36E82C6742DA00C16CE5 /* SwiftUICharts */; };
		B2AC52132C0F1FDD00D7B746 /* accounts.xcdatamodeld in Sources */ = {isa = PBXBuildFile; fileRef = B2AC52112C0F1FDD00D7B746 /* accounts.xcdatamodeld */; };
		B2B9CFBC2C0B565600EC4F84 /* AccountBookApp.swift in Sources */ = {isa = PBXBuildFile; fileRef = B2B9CFBB2C0B565600EC4F84 /* AccountBookApp.swift */; };
		B2B9CFBE2C0B565600EC4F84 /* ContentView.swift in Sources */ = {isa = PBXBuildFile; fileRef = B2B9CFBD2C0B565600EC4F84 /* ContentView.swift */; };
		B2B9CFC02C0B565700EC4F84 /* Assets.xcassets in Resources */ = {isa = PBXBuildFile; fileRef = B2B9CFBF2C0B565700EC4F84 /* Assets.xcassets */; };
		B2B9CFC32C0B565700EC4F84 /* Preview Assets.xcassets in Resources */ = {isa = PBXBuildFile; fileRef = B2B9CFC22C0B565700EC4F84 /* Preview Assets.xcassets */; };
		B2B9CFC82C0B565700EC4F84 /* AccountBook.xcdatamodeld in Sources */ = {isa = PBXBuildFile; fileRef = B2B9CFC62C0B565700EC4F84 /* AccountBook.xcdatamodeld */; };
		B2E3CADE2C10590E00188642 /* Launch Screen.storyboard in Resources */ = {isa = PBXBuildFile; fileRef = B2E3CADD2C10590E00188642 /* Launch Screen.storyboard */; };
		B2E663C02C0CB13500D26099 /* UserView.swift in Sources */ = {isa = PBXBuildFile; fileRef = B2E663BF2C0CB13500D26099 /* UserView.swift */; };
/* End PBXBuildFile section */

/* Begin PBXContainerItemProxy section */
		B221A3452C96B17400347D4C /* PBXContainerItemProxy */ = {
			isa = PBXContainerItemProxy;
			containerPortal = B2B9CFB02C0B565600EC4F84 /* Project object */;
			proxyType = 1;
			remoteGlobalIDString = B221A3332C96B17200347D4C;
			remoteInfo = AccountWidgetExtension;
		};
/* End PBXContainerItemProxy section */

/* Begin PBXCopyFilesBuildPhase section */
		B28AE7802C33DD3B00435B69 /* Embed Foundation Extensions */ = {
			isa = PBXCopyFilesBuildPhase;
			buildActionMask = 2147483647;
			dstPath = "";
			dstSubfolderSpec = 13;
			files = (
				B221A3472C96B17400347D4C /* CashFlowWidgetExtension.appex in Embed Foundation Extensions */,
			);
			name = "Embed Foundation Extensions";
			runOnlyForDeploymentPostprocessing = 0;
		};
/* End PBXCopyFilesBuildPhase section */

/* Begin PBXFileReference section */
		B221A3342C96B17200347D4C /* CashFlowWidgetExtension.appex */ = {isa = PBXFileReference; explicitFileType = "wrapper.app-extension"; includeInIndex = 0; path = CashFlowWidgetExtension.appex; sourceTree = BUILT_PRODUCTS_DIR; };
		B28AE76B2C33DD3A00435B69 /* WidgetKit.framework */ = {isa = PBXFileReference; lastKnownFileType = wrapper.framework; name = WidgetKit.framework; path = System/Library/Frameworks/WidgetKit.framework; sourceTree = SDKROOT; };
		B28AE76D2C33DD3A00435B69 /* SwiftUI.framework */ = {isa = PBXFileReference; lastKnownFileType = wrapper.framework; name = SwiftUI.framework; path = System/Library/Frameworks/SwiftUI.framework; sourceTree = SDKROOT; };
		B2AC52122C0F1FDD00D7B746 /* accounts.xcdatamodel */ = {isa = PBXFileReference; lastKnownFileType = wrapper.xcdatamodel; path = accounts.xcdatamodel; sourceTree = "<group>"; };
		B2B9CFB82C0B565600EC4F84 /* CashFlow.app */ = {isa = PBXFileReference; explicitFileType = wrapper.application; includeInIndex = 0; path = CashFlow.app; sourceTree = BUILT_PRODUCTS_DIR; };
		B2B9CFBB2C0B565600EC4F84 /* AccountBookApp.swift */ = {isa = PBXFileReference; lastKnownFileType = sourcecode.swift; path = AccountBookApp.swift; sourceTree = "<group>"; };
		B2B9CFBD2C0B565600EC4F84 /* ContentView.swift */ = {isa = PBXFileReference; lastKnownFileType = sourcecode.swift; path = ContentView.swift; sourceTree = "<group>"; };
		B2B9CFBF2C0B565700EC4F84 /* Assets.xcassets */ = {isa = PBXFileReference; lastKnownFileType = folder.assetcatalog; path = Assets.xcassets; sourceTree = "<group>"; };
		B2B9CFC22C0B565700EC4F84 /* Preview Assets.xcassets */ = {isa = PBXFileReference; lastKnownFileType = folder.assetcatalog; path = "Preview Assets.xcassets"; sourceTree = "<group>"; };
		B2B9CFC72C0B565700EC4F84 /* AccountBook.xcdatamodel */ = {isa = PBXFileReference; lastKnownFileType = wrapper.xcdatamodel; path = AccountBook.xcdatamodel; sourceTree = "<group>"; };
		B2E3CADD2C10590E00188642 /* Launch Screen.storyboard */ = {isa = PBXFileReference; lastKnownFileType = file.storyboard; path = "Launch Screen.storyboard"; sourceTree = "<group>"; };
		B2E663BF2C0CB13500D26099 /* UserView.swift */ = {isa = PBXFileReference; lastKnownFileType = sourcecode.swift; path = UserView.swift; sourceTree = "<group>"; };
/* End PBXFileReference section */

/* Begin PBXFileSystemSynchronizedBuildFileExceptionSet section */
		B221A34B2C96B17400347D4C /* PBXFileSystemSynchronizedBuildFileExceptionSet */ = {
			isa = PBXFileSystemSynchronizedBuildFileExceptionSet;
			membershipExceptions = (
				Info.plist,
			);
			target = B221A3332C96B17200347D4C /* CashFlowWidgetExtension */;
		};
		B2557BF32CBFB82900102AB2 /* PBXFileSystemSynchronizedBuildFileExceptionSet */ = {
			isa = PBXFileSystemSynchronizedBuildFileExceptionSet;
			membershipExceptions = (
				AccountAttributes.swift,
			);
			target = B221A3332C96B17200347D4C /* CashFlowWidgetExtension */;
		};
		B2955A432C35158700D56B8C /* PBXFileSystemSynchronizedBuildFileExceptionSet */ = {
			isa = PBXFileSystemSynchronizedBuildFileExceptionSet;
			membershipExceptions = (
				AddRecordView.swift,
				BudgetView.swift,
				CalenderModifyView.swift,
				CategoryProportionView.swift,
				CircularImageView.swift,
				CustomNavigationBar.swift,
				CustomNumberPad.swift,
				DateRecordListView.swift,
				EditProfileView.swift,
				HomeView.swift,
				ImagePicker.swift,
				ItemView.swift,
				LockScreenView.swift,
				ModifyRecordView.swift,
				MultiSelectSlider.swift,
				NewBudgetView.swift,
				NewCategoryProportionView.swift,
				RecordListView.swift,
				SettingsView.swift,
				SummaryView.swift,
			);
			target = B2B9CFB72C0B565600EC4F84 /* CashFlow */;
		};
		B2955A452C35159C00D56B8C /* PBXFileSystemSynchronizedBuildFileExceptionSet */ = {
			isa = PBXFileSystemSynchronizedBuildFileExceptionSet;
			membershipExceptions = (
				AccountAttributes.swift,
				Category.swift,
				NotificationHandler.swift,
				Persistence.swift,
				ScreenMonitor.swift,
				UserProfile.swift,
				WeekUtils.swift,
			);
			target = B2B9CFB72C0B565600EC4F84 /* CashFlow */;
		};
/* End PBXFileSystemSynchronizedBuildFileExceptionSet section */

/* Begin PBXFileSystemSynchronizedRootGroup section */
		B221A3372C96B17200347D4C /* AccountWidget */ = {isa = PBXFileSystemSynchronizedRootGroup; exceptions = (B221A34B2C96B17400347D4C /* PBXFileSystemSynchronizedBuildFileExceptionSet */, ); explicitFileTypes = {}; explicitFolders = (); path = AccountWidget; sourceTree = "<group>"; };
		B2955A422C35156600D56B8C /* Views */ = {isa = PBXFileSystemSynchronizedRootGroup; exceptions = (B2955A432C35158700D56B8C /* PBXFileSystemSynchronizedBuildFileExceptionSet */, ); explicitFileTypes = {}; explicitFolders = (); path = Views; sourceTree = "<group>"; };
		B2955A442C35159000D56B8C /* Utils */ = {isa = PBXFileSystemSynchronizedRootGroup; exceptions = (B2955A452C35159C00D56B8C /* PBXFileSystemSynchronizedBuildFileExceptionSet */, B2557BF32CBFB82900102AB2 /* PBXFileSystemSynchronizedBuildFileExceptionSet */, ); explicitFileTypes = {}; explicitFolders = (); path = Utils; sourceTree = "<group>"; };
/* End PBXFileSystemSynchronizedRootGroup section */

/* Begin PBXFrameworksBuildPhase section */
		B221A3312C96B17200347D4C /* Frameworks */ = {
			isa = PBXFrameworksBuildPhase;
			buildActionMask = 2147483647;
			files = (
				B221A3362C96B17200347D4C /* SwiftUI.framework in Frameworks */,
				B221A3352C96B17200347D4C /* WidgetKit.framework in Frameworks */,
			);
			runOnlyForDeploymentPostprocessing = 0;
		};
		B2B9CFB52C0B565600EC4F84 /* Frameworks */ = {
			isa = PBXFrameworksBuildPhase;
			buildActionMask = 2147483647;
			files = (
				B256DFCC2C79C40B00A3DD00 /* ColorfulX in Frameworks */,
				B28D36E92C6742DA00C16CE5 /* SwiftUICharts in Frameworks */,
				B218FEDD2C9BC7E70023823F /* WhatsNewKit in Frameworks */,
				B27657522C79BA9800371233 /* AlertToast in Frameworks */,
				B256DFC62C79BDDC00A3DD00 /* AlertKit in Frameworks */,
			);
			runOnlyForDeploymentPostprocessing = 0;
		};
/* End PBXFrameworksBuildPhase section */

/* Begin PBXGroup section */
		B28AE76A2C33DD3A00435B69 /* Frameworks */ = {
			isa = PBXGroup;
			children = (
				B28AE76B2C33DD3A00435B69 /* WidgetKit.framework */,
				B28AE76D2C33DD3A00435B69 /* SwiftUI.framework */,
			);
			name = Frameworks;
			sourceTree = "<group>";
		};
		B2B9CFAF2C0B565600EC4F84 = {
			isa = PBXGroup;
			children = (
				B2AC52112C0F1FDD00D7B746 /* accounts.xcdatamodeld */,
				B2B9CFBA2C0B565600EC4F84 /* AccountBook */,
				B221A3372C96B17200347D4C /* AccountWidget */,
				B28AE76A2C33DD3A00435B69 /* Frameworks */,
				B2B9CFB92C0B565600EC4F84 /* Products */,
			);
			sourceTree = "<group>";
		};
		B2B9CFB92C0B565600EC4F84 /* Products */ = {
			isa = PBXGroup;
			children = (
				B2B9CFB82C0B565600EC4F84 /* CashFlow.app */,
				B221A3342C96B17200347D4C /* CashFlowWidgetExtension.appex */,
			);
			name = Products;
			sourceTree = "<group>";
		};
		B2B9CFBA2C0B565600EC4F84 /* AccountBook */ = {
			isa = PBXGroup;
			children = (
				B2955A442C35159000D56B8C /* Utils */,
				B2955A422C35156600D56B8C /* Views */,
				B2B9CFBB2C0B565600EC4F84 /* AccountBookApp.swift */,
				B2B9CFBD2C0B565600EC4F84 /* ContentView.swift */,
				B2E3CADD2C10590E00188642 /* Launch Screen.storyboard */,
				B2B9CFC62C0B565700EC4F84 /* AccountBook.xcdatamodeld */,
				B2B9CFBF2C0B565700EC4F84 /* Assets.xcassets */,
				B2B9CFC12C0B565700EC4F84 /* Preview Content */,
				B2E663BF2C0CB13500D26099 /* UserView.swift */,
			);
			path = AccountBook;
			sourceTree = "<group>";
		};
		B2B9CFC12C0B565700EC4F84 /* Preview Content */ = {
			isa = PBXGroup;
			children = (
				B2B9CFC22C0B565700EC4F84 /* Preview Assets.xcassets */,
			);
			path = "Preview Content";
			sourceTree = "<group>";
		};
/* End PBXGroup section */

/* Begin PBXNativeTarget section */
		B221A3332C96B17200347D4C /* CashFlowWidgetExtension */ = {
			isa = PBXNativeTarget;
			buildConfigurationList = B221A3482C96B17400347D4C /* Build configuration list for PBXNativeTarget "CashFlowWidgetExtension" */;
			buildPhases = (
				B221A3302C96B17200347D4C /* Sources */,
				B221A3312C96B17200347D4C /* Frameworks */,
				B221A3322C96B17200347D4C /* Resources */,
			);
			buildRules = (
			);
			dependencies = (
			);
			fileSystemSynchronizedGroups = (
				B221A3372C96B17200347D4C /* AccountWidget */,
			);
			name = CashFlowWidgetExtension;
			packageProductDependencies = (
			);
			productName = AccountWidgetExtension;
			productReference = B221A3342C96B17200347D4C /* CashFlowWidgetExtension.appex */;
			productType = "com.apple.product-type.app-extension";
		};
		B2B9CFB72C0B565600EC4F84 /* CashFlow */ = {
			isa = PBXNativeTarget;
			buildConfigurationList = B2B9CFE12C0B565700EC4F84 /* Build configuration list for PBXNativeTarget "CashFlow" */;
			buildPhases = (
				B2B9CFB42C0B565600EC4F84 /* Sources */,
				B2B9CFB52C0B565600EC4F84 /* Frameworks */,
				B2B9CFB62C0B565600EC4F84 /* Resources */,
				B28AE7802C33DD3B00435B69 /* Embed Foundation Extensions */,
			);
			buildRules = (
			);
			dependencies = (
				B221A3462C96B17400347D4C /* PBXTargetDependency */,
			);
			name = CashFlow;
			productName = AccountBook;
			productReference = B2B9CFB82C0B565600EC4F84 /* CashFlow.app */;
			productType = "com.apple.product-type.application";
		};
/* End PBXNativeTarget section */

/* Begin PBXProject section */
		B2B9CFB02C0B565600EC4F84 /* Project object */ = {
			isa = PBXProject;
			attributes = {
				BuildIndependentTargetsInParallel = 1;
				LastSwiftUpdateCheck = 1600;
				LastUpgradeCheck = 1600;
				TargetAttributes = {
					B221A3332C96B17200347D4C = {
						CreatedOnToolsVersion = 16.0;
					};
					B2B9CFB72C0B565600EC4F84 = {
						CreatedOnToolsVersion = 15.4;
					};
				};
			};
			buildConfigurationList = B2B9CFB32C0B565600EC4F84 /* Build configuration list for PBXProject "AccountBook" */;
			compatibilityVersion = "Xcode 14.0";
			developmentRegion = "zh-Hans";
			hasScannedForEncodings = 0;
			knownRegions = (
				en,
				Base,
				"zh-Hans",
			);
			mainGroup = B2B9CFAF2C0B565600EC4F84;
			packageReferences = (
				B28D36E72C6742DA00C16CE5 /* XCRemoteSwiftPackageReference "ChartView" */,
				B27657502C79BA0400371233 /* XCRemoteSwiftPackageReference "AlertToast" */,
				B256DFC42C79BDDC00A3DD00 /* XCRemoteSwiftPackageReference "AlertKit" */,
				B256DFCA2C79C40B00A3DD00 /* XCRemoteSwiftPackageReference "ColorfulX" */,
				B218FEDB2C9BC7E70023823F /* XCRemoteSwiftPackageReference "WhatsNewKit" */,
			);
			productRefGroup = B2B9CFB92C0B565600EC4F84 /* Products */;
			projectDirPath = "";
			projectRoot = "";
			targets = (
				B2B9CFB72C0B565600EC4F84 /* CashFlow */,
				B221A3332C96B17200347D4C /* CashFlowWidgetExtension */,
			);
		};
/* End PBXProject section */

/* Begin PBXResourcesBuildPhase section */
		B221A3322C96B17200347D4C /* Resources */ = {
			isa = PBXResourcesBuildPhase;
			buildActionMask = 2147483647;
			files = (
			);
			runOnlyForDeploymentPostprocessing = 0;
		};
		B2B9CFB62C0B565600EC4F84 /* Resources */ = {
			isa = PBXResourcesBuildPhase;
			buildActionMask = 2147483647;
			files = (
				B2B9CFC32C0B565700EC4F84 /* Preview Assets.xcassets in Resources */,
				B2E3CADE2C10590E00188642 /* Launch Screen.storyboard in Resources */,
				B2B9CFC02C0B565700EC4F84 /* Assets.xcassets in Resources */,
			);
			runOnlyForDeploymentPostprocessing = 0;
		};
/* End PBXResourcesBuildPhase section */

/* Begin PBXSourcesBuildPhase section */
		B221A3302C96B17200347D4C /* Sources */ = {
			isa = PBXSourcesBuildPhase;
			buildActionMask = 2147483647;
			files = (
			);
			runOnlyForDeploymentPostprocessing = 0;
		};
		B2B9CFB42C0B565600EC4F84 /* Sources */ = {
			isa = PBXSourcesBuildPhase;
			buildActionMask = 2147483647;
			files = (
				B2AC52132C0F1FDD00D7B746 /* accounts.xcdatamodeld in Sources */,
				B2E663C02C0CB13500D26099 /* UserView.swift in Sources */,
				B2B9CFC82C0B565700EC4F84 /* AccountBook.xcdatamodeld in Sources */,
				B2B9CFBE2C0B565600EC4F84 /* ContentView.swift in Sources */,
				B2B9CFBC2C0B565600EC4F84 /* AccountBookApp.swift in Sources */,
			);
			runOnlyForDeploymentPostprocessing = 0;
		};
/* End PBXSourcesBuildPhase section */

/* Begin PBXTargetDependency section */
		B221A3462C96B17400347D4C /* PBXTargetDependency */ = {
			isa = PBXTargetDependency;
			target = B221A3332C96B17200347D4C /* CashFlowWidgetExtension */;
			targetProxy = B221A3452C96B17400347D4C /* PBXContainerItemProxy */;
		};
/* End PBXTargetDependency section */

/* Begin XCBuildConfiguration section */
		B221A3492C96B17400347D4C /* Debug */ = {
			isa = XCBuildConfiguration;
			buildSettings = {
				ASSETCATALOG_COMPILER_GLOBAL_ACCENT_COLOR_NAME = AccentColor;
				ASSETCATALOG_COMPILER_WIDGET_BACKGROUND_COLOR_NAME = WidgetBackground;
				CODE_SIGN_STYLE = Automatic;
				CURRENT_PROJECT_VERSION = 1;
				DEVELOPMENT_TEAM = 8R5Q4A3RC7;
				GENERATE_INFOPLIST_FILE = YES;
				INFOPLIST_FILE = AccountWidget/Info.plist;
				INFOPLIST_KEY_CFBundleDisplayName = CashFlowWidget;
				INFOPLIST_KEY_NSHumanReadableCopyright = "";
				IPHONEOS_DEPLOYMENT_TARGET = 16.2;
				LD_RUNPATH_SEARCH_PATHS = (
					"$(inherited)",
					"@executable_path/Frameworks",
					"@executable_path/../../Frameworks",
				);
				MARKETING_VERSION = 1.2;
				PRODUCT_BUNDLE_IDENTIFIER = com.Voltline.CashFlow.CashFlowWidget;
				PRODUCT_NAME = "$(TARGET_NAME)";
				SKIP_INSTALL = YES;
				SUPPORTED_PLATFORMS = "iphoneos iphonesimulator";
				SUPPORTS_MACCATALYST = NO;
				SUPPORTS_MAC_DESIGNED_FOR_IPHONE_IPAD = NO;
				SUPPORTS_XR_DESIGNED_FOR_IPHONE_IPAD = NO;
				SWIFT_EMIT_LOC_STRINGS = YES;
				SWIFT_VERSION = 5.0;
				TARGETED_DEVICE_FAMILY = "1,2";
			};
			name = Debug;
		};
		B221A34A2C96B17400347D4C /* Release */ = {
			isa = XCBuildConfiguration;
			buildSettings = {
				ASSETCATALOG_COMPILER_GLOBAL_ACCENT_COLOR_NAME = AccentColor;
				ASSETCATALOG_COMPILER_WIDGET_BACKGROUND_COLOR_NAME = WidgetBackground;
				CODE_SIGN_STYLE = Automatic;
				CURRENT_PROJECT_VERSION = 1;
				DEVELOPMENT_TEAM = 8R5Q4A3RC7;
				GENERATE_INFOPLIST_FILE = YES;
				INFOPLIST_FILE = AccountWidget/Info.plist;
				INFOPLIST_KEY_CFBundleDisplayName = CashFlowWidget;
				INFOPLIST_KEY_NSHumanReadableCopyright = "";
				IPHONEOS_DEPLOYMENT_TARGET = 16.2;
				LD_RUNPATH_SEARCH_PATHS = (
					"$(inherited)",
					"@executable_path/Frameworks",
					"@executable_path/../../Frameworks",
				);
				MARKETING_VERSION = 1.2;
				PRODUCT_BUNDLE_IDENTIFIER = com.Voltline.CashFlow.CashFlowWidget;
				PRODUCT_NAME = "$(TARGET_NAME)";
				SKIP_INSTALL = YES;
				SUPPORTED_PLATFORMS = "iphoneos iphonesimulator";
				SUPPORTS_MACCATALYST = NO;
				SUPPORTS_MAC_DESIGNED_FOR_IPHONE_IPAD = NO;
				SUPPORTS_XR_DESIGNED_FOR_IPHONE_IPAD = NO;
				SWIFT_EMIT_LOC_STRINGS = YES;
				SWIFT_VERSION = 5.0;
				TARGETED_DEVICE_FAMILY = "1,2";
			};
			name = Release;
		};
		B2B9CFDF2C0B565700EC4F84 /* Debug */ = {
			isa = XCBuildConfiguration;
			buildSettings = {
				ALWAYS_SEARCH_USER_PATHS = NO;
				ASSETCATALOG_COMPILER_GENERATE_SWIFT_ASSET_SYMBOL_EXTENSIONS = YES;
				CLANG_ANALYZER_NONNULL = YES;
				CLANG_ANALYZER_NUMBER_OBJECT_CONVERSION = YES_AGGRESSIVE;
				CLANG_CXX_LANGUAGE_STANDARD = "gnu++20";
				CLANG_ENABLE_MODULES = YES;
				CLANG_ENABLE_OBJC_ARC = YES;
				CLANG_ENABLE_OBJC_WEAK = YES;
				CLANG_WARN_BLOCK_CAPTURE_AUTORELEASING = YES;
				CLANG_WARN_BOOL_CONVERSION = YES;
				CLANG_WARN_COMMA = YES;
				CLANG_WARN_CONSTANT_CONVERSION = YES;
				CLANG_WARN_DEPRECATED_OBJC_IMPLEMENTATIONS = YES;
				CLANG_WARN_DIRECT_OBJC_ISA_USAGE = YES_ERROR;
				CLANG_WARN_DOCUMENTATION_COMMENTS = YES;
				CLANG_WARN_EMPTY_BODY = YES;
				CLANG_WARN_ENUM_CONVERSION = YES;
				CLANG_WARN_INFINITE_RECURSION = YES;
				CLANG_WARN_INT_CONVERSION = YES;
				CLANG_WARN_NON_LITERAL_NULL_CONVERSION = YES;
				CLANG_WARN_OBJC_IMPLICIT_RETAIN_SELF = YES;
				CLANG_WARN_OBJC_LITERAL_CONVERSION = YES;
				CLANG_WARN_OBJC_ROOT_CLASS = YES_ERROR;
				CLANG_WARN_QUOTED_INCLUDE_IN_FRAMEWORK_HEADER = YES;
				CLANG_WARN_RANGE_LOOP_ANALYSIS = YES;
				CLANG_WARN_STRICT_PROTOTYPES = YES;
				CLANG_WARN_SUSPICIOUS_MOVE = YES;
				CLANG_WARN_UNGUARDED_AVAILABILITY = YES_AGGRESSIVE;
				CLANG_WARN_UNREACHABLE_CODE = YES;
				CLANG_WARN__DUPLICATE_METHOD_MATCH = YES;
				COPY_PHASE_STRIP = NO;
				DEBUG_INFORMATION_FORMAT = dwarf;
				ENABLE_STRICT_OBJC_MSGSEND = YES;
				ENABLE_TESTABILITY = YES;
				ENABLE_USER_SCRIPT_SANDBOXING = YES;
				GCC_C_LANGUAGE_STANDARD = gnu17;
				GCC_DYNAMIC_NO_PIC = NO;
				GCC_NO_COMMON_BLOCKS = YES;
				GCC_OPTIMIZATION_LEVEL = 0;
				GCC_PREPROCESSOR_DEFINITIONS = (
					"DEBUG=1",
					"$(inherited)",
				);
				GCC_WARN_64_TO_32_BIT_CONVERSION = YES;
				GCC_WARN_ABOUT_RETURN_TYPE = YES_ERROR;
				GCC_WARN_UNDECLARED_SELECTOR = YES;
				GCC_WARN_UNINITIALIZED_AUTOS = YES_AGGRESSIVE;
				GCC_WARN_UNUSED_FUNCTION = YES;
				GCC_WARN_UNUSED_VARIABLE = YES;
				IPHONEOS_DEPLOYMENT_TARGET = 17.5;
				LOCALIZATION_PREFERS_STRING_CATALOGS = YES;
				MTL_ENABLE_DEBUG_INFO = INCLUDE_SOURCE;
				MTL_FAST_MATH = YES;
				ONLY_ACTIVE_ARCH = YES;
				SDKROOT = iphoneos;
				SWIFT_ACTIVE_COMPILATION_CONDITIONS = "DEBUG $(inherited)";
				SWIFT_OPTIMIZATION_LEVEL = "-Onone";
			};
			name = Debug;
		};
		B2B9CFE02C0B565700EC4F84 /* Release */ = {
			isa = XCBuildConfiguration;
			buildSettings = {
				ALWAYS_SEARCH_USER_PATHS = NO;
				ASSETCATALOG_COMPILER_GENERATE_SWIFT_ASSET_SYMBOL_EXTENSIONS = YES;
				CLANG_ANALYZER_NONNULL = YES;
				CLANG_ANALYZER_NUMBER_OBJECT_CONVERSION = YES_AGGRESSIVE;
				CLANG_CXX_LANGUAGE_STANDARD = "gnu++20";
				CLANG_ENABLE_MODULES = YES;
				CLANG_ENABLE_OBJC_ARC = YES;
				CLANG_ENABLE_OBJC_WEAK = YES;
				CLANG_WARN_BLOCK_CAPTURE_AUTORELEASING = YES;
				CLANG_WARN_BOOL_CONVERSION = YES;
				CLANG_WARN_COMMA = YES;
				CLANG_WARN_CONSTANT_CONVERSION = YES;
				CLANG_WARN_DEPRECATED_OBJC_IMPLEMENTATIONS = YES;
				CLANG_WARN_DIRECT_OBJC_ISA_USAGE = YES_ERROR;
				CLANG_WARN_DOCUMENTATION_COMMENTS = YES;
				CLANG_WARN_EMPTY_BODY = YES;
				CLANG_WARN_ENUM_CONVERSION = YES;
				CLANG_WARN_INFINITE_RECURSION = YES;
				CLANG_WARN_INT_CONVERSION = YES;
				CLANG_WARN_NON_LITERAL_NULL_CONVERSION = YES;
				CLANG_WARN_OBJC_IMPLICIT_RETAIN_SELF = YES;
				CLANG_WARN_OBJC_LITERAL_CONVERSION = YES;
				CLANG_WARN_OBJC_ROOT_CLASS = YES_ERROR;
				CLANG_WARN_QUOTED_INCLUDE_IN_FRAMEWORK_HEADER = YES;
				CLANG_WARN_RANGE_LOOP_ANALYSIS = YES;
				CLANG_WARN_STRICT_PROTOTYPES = YES;
				CLANG_WARN_SUSPICIOUS_MOVE = YES;
				CLANG_WARN_UNGUARDED_AVAILABILITY = YES_AGGRESSIVE;
				CLANG_WARN_UNREACHABLE_CODE = YES;
				CLANG_WARN__DUPLICATE_METHOD_MATCH = YES;
				COPY_PHASE_STRIP = NO;
				DEBUG_INFORMATION_FORMAT = "dwarf-with-dsym";
				ENABLE_NS_ASSERTIONS = NO;
				ENABLE_STRICT_OBJC_MSGSEND = YES;
				ENABLE_USER_SCRIPT_SANDBOXING = YES;
				GCC_C_LANGUAGE_STANDARD = gnu17;
				GCC_NO_COMMON_BLOCKS = YES;
				GCC_WARN_64_TO_32_BIT_CONVERSION = YES;
				GCC_WARN_ABOUT_RETURN_TYPE = YES_ERROR;
				GCC_WARN_UNDECLARED_SELECTOR = YES;
				GCC_WARN_UNINITIALIZED_AUTOS = YES_AGGRESSIVE;
				GCC_WARN_UNUSED_FUNCTION = YES;
				GCC_WARN_UNUSED_VARIABLE = YES;
				IPHONEOS_DEPLOYMENT_TARGET = 17.5;
				LOCALIZATION_PREFERS_STRING_CATALOGS = YES;
				MTL_ENABLE_DEBUG_INFO = NO;
				MTL_FAST_MATH = YES;
				SDKROOT = iphoneos;
				SWIFT_COMPILATION_MODE = wholemodule;
				VALIDATE_PRODUCT = YES;
			};
			name = Release;
		};
		B2B9CFE22C0B565700EC4F84 /* Debug */ = {
			isa = XCBuildConfiguration;
			buildSettings = {
				ASSETCATALOG_COMPILER_APPICON_NAME = AppIcon;
				ASSETCATALOG_COMPILER_GLOBAL_ACCENT_COLOR_NAME = AccentColor;
				CODE_SIGN_STYLE = Automatic;
				CURRENT_PROJECT_VERSION = 1;
				DEVELOPMENT_ASSET_PATHS = "\"AccountBook/Preview Content\"";
				DEVELOPMENT_TEAM = 8R5Q4A3RC7;
				ENABLE_PREVIEWS = YES;
				GENERATE_INFOPLIST_FILE = YES;
				INFOPLIST_FILE = AccountBook/Info.plist;
				INFOPLIST_KEY_CFBundleDisplayName = CashFlow;
				INFOPLIST_KEY_LSApplicationCategoryType = "public.app-category.finance";
				INFOPLIST_KEY_NSFaceIDUsageDescription = "CashFlow需要使用FaceID解锁";
				INFOPLIST_KEY_NSSupportsLiveActivities = YES;
				INFOPLIST_KEY_UIApplicationSceneManifest_Generation = YES;
				INFOPLIST_KEY_UIApplicationSupportsIndirectInputEvents = YES;
				INFOPLIST_KEY_UILaunchScreen_Generation = YES;
				INFOPLIST_KEY_UILaunchStoryboardName = "Launch Screen.storyboard";
				INFOPLIST_KEY_UISupportedInterfaceOrientations = "UIInterfaceOrientationPortrait UIInterfaceOrientationPortraitUpsideDown";
				INFOPLIST_KEY_UISupportedInterfaceOrientations_iPad = "UIInterfaceOrientationLandscapeLeft UIInterfaceOrientationLandscapeRight UIInterfaceOrientationPortrait UIInterfaceOrientationPortraitUpsideDown";
				IPHONEOS_DEPLOYMENT_TARGET = 16.2;
				LD_RUNPATH_SEARCH_PATHS = (
					"$(inherited)",
					"@executable_path/Frameworks",
				);
				MARKETING_VERSION = 1.2;
				PRODUCT_BUNDLE_IDENTIFIER = com.Voltline.CashFlow;
				PRODUCT_NAME = "$(TARGET_NAME)";
				SUPPORTED_PLATFORMS = "iphoneos iphonesimulator";
				SUPPORTS_MACCATALYST = NO;
				SUPPORTS_MAC_DESIGNED_FOR_IPHONE_IPAD = NO;
				SUPPORTS_XR_DESIGNED_FOR_IPHONE_IPAD = NO;
				SWIFT_EMIT_LOC_STRINGS = YES;
				SWIFT_VERSION = 5.0;
				TARGETED_DEVICE_FAMILY = "1,2";
			};
			name = Debug;
		};
		B2B9CFE32C0B565700EC4F84 /* Release */ = {
			isa = XCBuildConfiguration;
			buildSettings = {
				ASSETCATALOG_COMPILER_APPICON_NAME = AppIcon;
				ASSETCATALOG_COMPILER_GLOBAL_ACCENT_COLOR_NAME = AccentColor;
				CODE_SIGN_STYLE = Automatic;
				CURRENT_PROJECT_VERSION = 1;
				DEVELOPMENT_ASSET_PATHS = "\"AccountBook/Preview Content\"";
				DEVELOPMENT_TEAM = 8R5Q4A3RC7;
				ENABLE_PREVIEWS = YES;
				GENERATE_INFOPLIST_FILE = YES;
				INFOPLIST_FILE = AccountBook/Info.plist;
				INFOPLIST_KEY_CFBundleDisplayName = CashFlow;
				INFOPLIST_KEY_LSApplicationCategoryType = "public.app-category.finance";
				INFOPLIST_KEY_NSFaceIDUsageDescription = "CashFlow需要使用FaceID解锁";
				INFOPLIST_KEY_NSSupportsLiveActivities = YES;
				INFOPLIST_KEY_UIApplicationSceneManifest_Generation = YES;
				INFOPLIST_KEY_UIApplicationSupportsIndirectInputEvents = YES;
				INFOPLIST_KEY_UILaunchScreen_Generation = YES;
				INFOPLIST_KEY_UILaunchStoryboardName = "Launch Screen.storyboard";
				INFOPLIST_KEY_UISupportedInterfaceOrientations = "UIInterfaceOrientationPortrait UIInterfaceOrientationPortraitUpsideDown";
				INFOPLIST_KEY_UISupportedInterfaceOrientations_iPad = "UIInterfaceOrientationLandscapeLeft UIInterfaceOrientationLandscapeRight UIInterfaceOrientationPortrait UIInterfaceOrientationPortraitUpsideDown";
				IPHONEOS_DEPLOYMENT_TARGET = 16.2;
				LD_RUNPATH_SEARCH_PATHS = (
					"$(inherited)",
					"@executable_path/Frameworks",
				);
				MARKETING_VERSION = 1.2;
				PRODUCT_BUNDLE_IDENTIFIER = com.Voltline.CashFlow;
				PRODUCT_NAME = "$(TARGET_NAME)";
				SUPPORTED_PLATFORMS = "iphoneos iphonesimulator";
				SUPPORTS_MACCATALYST = NO;
				SUPPORTS_MAC_DESIGNED_FOR_IPHONE_IPAD = NO;
				SUPPORTS_XR_DESIGNED_FOR_IPHONE_IPAD = NO;
				SWIFT_EMIT_LOC_STRINGS = YES;
				SWIFT_VERSION = 5.0;
				TARGETED_DEVICE_FAMILY = "1,2";
			};
			name = Release;
		};
/* End XCBuildConfiguration section */

/* Begin XCConfigurationList section */
		B221A3482C96B17400347D4C /* Build configuration list for PBXNativeTarget "CashFlowWidgetExtension" */ = {
			isa = XCConfigurationList;
			buildConfigurations = (
				B221A3492C96B17400347D4C /* Debug */,
				B221A34A2C96B17400347D4C /* Release */,
			);
			defaultConfigurationIsVisible = 0;
			defaultConfigurationName = Release;
		};
		B2B9CFB32C0B565600EC4F84 /* Build configuration list for PBXProject "AccountBook" */ = {
			isa = XCConfigurationList;
			buildConfigurations = (
				B2B9CFDF2C0B565700EC4F84 /* Debug */,
				B2B9CFE02C0B565700EC4F84 /* Release */,
			);
			defaultConfigurationIsVisible = 0;
			defaultConfigurationName = Release;
		};
		B2B9CFE12C0B565700EC4F84 /* Build configuration list for PBXNativeTarget "CashFlow" */ = {
			isa = XCConfigurationList;
			buildConfigurations = (
				B2B9CFE22C0B565700EC4F84 /* Debug */,
				B2B9CFE32C0B565700EC4F84 /* Release */,
			);
			defaultConfigurationIsVisible = 0;
			defaultConfigurationName = Release;
		};
/* End XCConfigurationList section */

/* Begin XCRemoteSwiftPackageReference section */
		B218FEDB2C9BC7E70023823F /* XCRemoteSwiftPackageReference "WhatsNewKit" */ = {
			isa = XCRemoteSwiftPackageReference;
			repositoryURL = "https://github.com/SvenTiigi/WhatsNewKit.git";
			requirement = {
				kind = upToNextMajorVersion;
				minimumVersion = 2.2.1;
			};
		};
		B256DFC42C79BDDC00A3DD00 /* XCRemoteSwiftPackageReference "AlertKit" */ = {
			isa = XCRemoteSwiftPackageReference;
			repositoryURL = "https://github.com/sparrowcode/AlertKit";
			requirement = {
				kind = upToNextMajorVersion;
				minimumVersion = 5.1.9;
			};
		};
		B256DFCA2C79C40B00A3DD00 /* XCRemoteSwiftPackageReference "ColorfulX" */ = {
			isa = XCRemoteSwiftPackageReference;
			repositoryURL = "https://github.com/Lakr233/ColorfulX";
			requirement = {
				kind = upToNextMajorVersion;
				minimumVersion = 5.3.1;
			};
		};
		B27657502C79BA0400371233 /* XCRemoteSwiftPackageReference "AlertToast" */ = {
			isa = XCRemoteSwiftPackageReference;
			repositoryURL = "https://github.com/elai950/AlertToast";
			requirement = {
				kind = upToNextMajorVersion;
				minimumVersion = 1.3.9;
			};
		};
		B28D36E72C6742DA00C16CE5 /* XCRemoteSwiftPackageReference "ChartView" */ = {
			isa = XCRemoteSwiftPackageReference;
			repositoryURL = "https://github.com/AppPear/ChartView";
			requirement = {
				kind = upToNextMajorVersion;
				minimumVersion = 1.5.5;
			};
		};
/* End XCRemoteSwiftPackageReference section */

/* Begin XCSwiftPackageProductDependency section */
		B218FEDC2C9BC7E70023823F /* WhatsNewKit */ = {
			isa = XCSwiftPackageProductDependency;
			package = B218FEDB2C9BC7E70023823F /* XCRemoteSwiftPackageReference "WhatsNewKit" */;
			productName = WhatsNewKit;
		};
		B256DFC52C79BDDC00A3DD00 /* AlertKit */ = {
			isa = XCSwiftPackageProductDependency;
			package = B256DFC42C79BDDC00A3DD00 /* XCRemoteSwiftPackageReference "AlertKit" */;
			productName = AlertKit;
		};
		B256DFCB2C79C40B00A3DD00 /* ColorfulX */ = {
			isa = XCSwiftPackageProductDependency;
			package = B256DFCA2C79C40B00A3DD00 /* XCRemoteSwiftPackageReference "ColorfulX" */;
			productName = ColorfulX;
		};
		B27657512C79BA9800371233 /* AlertToast */ = {
			isa = XCSwiftPackageProductDependency;
			package = B27657502C79BA0400371233 /* XCRemoteSwiftPackageReference "AlertToast" */;
			productName = AlertToast;
		};
		B28D36E82C6742DA00C16CE5 /* SwiftUICharts */ = {
			isa = XCSwiftPackageProductDependency;
			package = B28D36E72C6742DA00C16CE5 /* XCRemoteSwiftPackageReference "ChartView" */;
			productName = SwiftUICharts;
		};
/* End XCSwiftPackageProductDependency section */

/* Begin XCVersionGroup section */
		B2AC52112C0F1FDD00D7B746 /* accounts.xcdatamodeld */ = {
			isa = XCVersionGroup;
			children = (
				B2AC52122C0F1FDD00D7B746 /* accounts.xcdatamodel */,
			);
			currentVersion = B2AC52122C0F1FDD00D7B746 /* accounts.xcdatamodel */;
			name = accounts.xcdatamodeld;
			path = /Users/voltline/Documents/Sources/AccountBook/AccountBook/accounts.xcdatamodeld;
			sourceTree = "<group>";
			versionGroupType = wrapper.xcdatamodel;
		};
		B2B9CFC62C0B565700EC4F84 /* AccountBook.xcdatamodeld */ = {
			isa = XCVersionGroup;
			children = (
				B2B9CFC72C0B565700EC4F84 /* AccountBook.xcdatamodel */,
			);
			currentVersion = B2B9CFC72C0B565700EC4F84 /* AccountBook.xcdatamodel */;
			path = AccountBook.xcdatamodeld;
			sourceTree = "<group>";
			versionGroupType = wrapper.xcdatamodel;
		};
/* End XCVersionGroup section */
	};
	rootObject = B2B9CFB02C0B565600EC4F84 /* Project object */;
}
